
Microsoft Visual Studio Solution File, Format Version 12.00
# Visual Studio 14
VisualStudioVersion = 14.0.25420.1
MinimumVisualStudioVersion = 10.0.40219.1
Project("{FAE04EC0-301F-11D3-BF4B-00C04F79EFBC}") = "YST", "YST\YST.csproj", "{97E9D5A3-8501-4A33-B77F-0C2FF6D15E19}"
EndProject
Project("{FAE04EC0-301F-11D3-BF4B-00C04F79EFBC}") = "EFDemo", "EFDemo\EFDemo.csproj", "{678EA5DC-C6E6-4970-B529-328814DBE648}"
EndProject
Project("{FAE04EC0-301F-11D3-BF4B-00C04F79EFBC}") = "WcfTest", "WcfTest\WcfTest.csproj", "{E34B3F7F-F7B3-4CBC-8015-99875CE75EBB}"
EndProject
Project("{FAE04EC0-301F-11D3-BF4B-00C04F79EFBC}") = "Tools", "Tools\Tools.csproj", "{91121DC1-D6AA-472D-8566-B3A6D746CE57}"
EndProject
Project("{FAE04EC0-301F-11D3-BF4B-00C04F79EFBC}") = "Demo", "Demo\Demo.csproj", "{A888BE15-6AF2-42AD-8BB2-15778A602697}"
EndProject
Project("{FAE04EC0-301F-11D3-BF4B-00C04F79EFBC}") = "ViturlComTest", "ViturlComTest\ViturlComTest.csproj", "{68E34041-9D3F-44A6-93C8-20EC6FB44E41}"
EndProject
Global
	GlobalSection(SolutionConfigurationPlatforms) = preSolution
		Debug|Any CPU = Debug|Any CPU
		Debug|x86 = Debug|x86
		Release|Any CPU = Release|Any CPU
		Release|x86 = Release|x86
	EndGlobalSection
	GlobalSection(ProjectConfigurationPlatforms) = postSolution
		{97E9D5A3-8501-4A33-B77F-0C2FF6D15E19}.Debug|Any CPU.ActiveCfg = Debug|Any CPU
		{97E9D5A3-8501-4A33-B77F-0C2FF6D15E19}.Debug|Any CPU.Build.0 = Debug|Any CPU
		{97E9D5A3-8501-4A33-B77F-0C2FF6D15E19}.Debug|x86.ActiveCfg = Debug|Any CPU
		{97E9D5A3-8501-4A33-B77F-0C2FF6D15E19}.Debug|x86.Build.0 = Debug|Any CPU
		{97E9D5A3-8501-4A33-B77F-0C2FF6D15E19}.Release|Any CPU.ActiveCfg = Release|Any CPU
		{97E9D5A3-8501-4A33-B77F-0C2FF6D15E19}.Release|Any CPU.Build.0 = Release|Any CPU
		{97E9D5A3-8501-4A33-B77F-0C2FF6D15E19}.Release|x86.ActiveCfg = Release|Any CPU
		{97E9D5A3-8501-4A33-B77F-0C2FF6D15E19}.Release|x86.Build.0 = Release|Any CPU
		{678EA5DC-C6E6-4970-B529-328814DBE648}.Debug|Any CPU.ActiveCfg = Debug|Any CPU
		{678EA5DC-C6E6-4970-B529-328814DBE648}.Debug|Any CPU.Build.0 = Debug|Any CPU
		{678EA5DC-C6E6-4970-B529-328814DBE648}.Debug|x86.ActiveCfg = Debug|Any CPU
		{678EA5DC-C6E6-4970-B529-328814DBE648}.Debug|x86.Build.0 = Debug|Any CPU
		{678EA5DC-C6E6-4970-B529-328814DBE648}.Release|Any CPU.ActiveCfg = Release|Any CPU
		{678EA5DC-C6E6-4970-B529-328814DBE648}.Release|Any CPU.Build.0 = Release|Any CPU
		{678EA5DC-C6E6-4970-B529-328814DBE648}.Release|x86.ActiveCfg = Release|Any CPU
		{678EA5DC-C6E6-4970-B529-328814DBE648}.Release|x86.Build.0 = Release|Any CPU
		{E34B3F7F-F7B3-4CBC-8015-99875CE75EBB}.Debug|Any CPU.ActiveCfg = Debug|Any CPU
		{E34B3F7F-F7B3-4CBC-8015-99875CE75EBB}.Debug|Any CPU.Build.0 = Debug|Any CPU
		{E34B3F7F-F7B3-4CBC-8015-99875CE75EBB}.Debug|x86.ActiveCfg = Debug|Any CPU
		{E34B3F7F-F7B3-4CBC-8015-99875CE75EBB}.Debug|x86.Build.0 = Debug|Any CPU
		{E34B3F7F-F7B3-4CBC-8015-99875CE75EBB}.Release|Any CPU.ActiveCfg = Release|Any CPU
		{E34B3F7F-F7B3-4CBC-8015-99875CE75EBB}.Release|Any CPU.Build.0 = Release|Any CPU
		{E34B3F7F-F7B3-4CBC-8015-99875CE75EBB}.Release|x86.ActiveCfg = Release|Any CPU
		{E34B3F7F-F7B3-4CBC-8015-99875CE75EBB}.Release|x86.Build.0 = Release|Any CPU
		{91121DC1-D6AA-472D-8566-B3A6D746CE57}.Debug|Any CPU.ActiveCfg = Debug|Any CPU
		{91121DC1-D6AA-472D-8566-B3A6D746CE57}.Debug|Any CPU.Build.0 = Debug|Any CPU
		{91121DC1-D6AA-472D-8566-B3A6D746CE57}.Debug|x86.ActiveCfg = Debug|Any CPU
		{91121DC1-D6AA-472D-8566-B3A6D746CE57}.Debug|x86.Build.0 = Debug|Any CPU
		{91121DC1-D6AA-472D-8566-B3A6D746CE57}.Release|Any CPU.ActiveCfg = Release|Any CPU
		{91121DC1-D6AA-472D-8566-B3A6D746CE57}.Release|Any CPU.Build.0 = Release|Any CPU
		{91121DC1-D6AA-472D-8566-B3A6D746CE57}.Release|x86.ActiveCfg = Release|Any CPU
		{91121DC1-D6AA-472D-8566-B3A6D746CE57}.Release|x86.Build.0 = Release|Any CPU
		{A888BE15-6AF2-42AD-8BB2-15778A602697}.Debug|Any CPU.ActiveCfg = Debug|Any CPU
		{A888BE15-6AF2-42AD-8BB2-15778A602697}.Debug|Any CPU.Build.0 = Debug|Any CPU
		{A888BE15-6AF2-42AD-8BB2-15778A602697}.Debug|x86.ActiveCfg = Debug|Any CPU
		{A888BE15-6AF2-42AD-8BB2-15778A602697}.Debug|x86.Build.0 = Debug|Any CPU
		{A888BE15-6AF2-42AD-8BB2-15778A602697}.Release|Any CPU.ActiveCfg = Release|Any CPU
		{A888BE15-6AF2-42AD-8BB2-15778A602697}.Release|Any CPU.Build.0 = Release|Any CPU
		{A888BE15-6AF2-42AD-8BB2-15778A602697}.Release|x86.ActiveCfg = Release|Any CPU
		{A888BE15-6AF2-42AD-8BB2-15778A602697}.Release|x86.Build.0 = Release|Any CPU
		{68E34041-9D3F-44A6-93C8-20EC6FB44E41}.Debug|Any CPU.ActiveCfg = Debug|Any CPU
		{68E34041-9D3F-44A6-93C8-20EC6FB44E41}.Debug|Any CPU.Build.0 = Debug|Any CPU
		{68E34041-9D3F-44A6-93C8-20EC6FB44E41}.Debug|x86.ActiveCfg = Debug|x86
		{68E34041-9D3F-44A6-93C8-20EC6FB44E41}.Debug|x86.Build.0 = Debug|x86
		{68E34041-9D3F-44A6-93C8-20EC6FB44E41}.Release|Any CPU.ActiveCfg = Release|Any CPU
		{68E34041-9D3F-44A6-93C8-20EC6FB44E41}.Release|Any CPU.Build.0 = Release|Any CPU
		{68E34041-9D3F-44A6-93C8-20EC6FB44E41}.Release|x86.ActiveCfg = Release|x86
		{68E34041-9D3F-44A6-93C8-20EC6FB44E41}.Release|x86.Build.0 = Release|x86
	EndGlobalSection
	GlobalSection(SolutionProperties) = preSolution
		HideSolutionNode = FALSE
	EndGlobalSection
EndGlobal
